// !$*UTF8*$!
{
	archiveVersion = 1;
	classes = {
	};
	objectVersion = 50;
	objects = {

/* Begin PBXBuildFile section */
		0664167820BBCF14001E41CC /* Process.cpp in Sources */ = {isa = PBXBuildFile; fileRef = 0664167620BBCF14001E41CC /* Process.cpp */; };
		0664168D20BBFE83001E41CC /* MemorySystem.cpp in Sources */ = {isa = PBXBuildFile; fileRef = 0664168B20BBFE83001E41CC /* MemorySystem.cpp */; };
		066AAA7620B7E75C00EF6671 /* main.cpp in Sources */ = {isa = PBXBuildFile; fileRef = 066AAA7520B7E75C00EF6671 /* main.cpp */; };
/* End PBXBuildFile section */

/* Begin PBXCopyFilesBuildPhase section */
		066AAA7020B7E75C00EF6671 /* CopyFiles */ = {
			isa = PBXCopyFilesBuildPhase;
			buildActionMask = 2147483647;
			dstPath = /usr/share/man/man1/;
			dstSubfolderSpec = 0;
			files = (
			);
			runOnlyForDeploymentPostprocessing = 1;
		};
/* End PBXCopyFilesBuildPhase section */

/* Begin PBXFileReference section */
		0664167620BBCF14001E41CC /* Process.cpp */ = {isa = PBXFileReference; lastKnownFileType = sourcecode.cpp.cpp; path = Process.cpp; sourceTree = "<group>"; };
		0664167720BBCF14001E41CC /* Process.hpp */ = {isa = PBXFileReference; lastKnownFileType = sourcecode.cpp.h; path = Process.hpp; sourceTree = "<group>"; };
		0664167920BBDCDC001E41CC /* 5.txt */ = {isa = PBXFileReference; fileEncoding = 4; lastKnownFileType = text; path = 5.txt; sourceTree = "<group>"; };
		0664167A20BBDCDC001E41CC /* a.txt */ = {isa = PBXFileReference; fileEncoding = 4; lastKnownFileType = text; path = a.txt; sourceTree = "<group>"; };
		0664167B20BBDCDC001E41CC /* 0.txt */ = {isa = PBXFileReference; fileEncoding = 4; lastKnownFileType = text; path = 0.txt; sourceTree = "<group>"; };
		0664167C20BBDCDC001E41CC /* b.txt */ = {isa = PBXFileReference; fileEncoding = 4; lastKnownFileType = text; path = b.txt; sourceTree = "<group>"; };
		0664167D20BBDCDC001E41CC /* e.txt */ = {isa = PBXFileReference; fileEncoding = 4; lastKnownFileType = text; path = e.txt; sourceTree = "<group>"; };
		0664167E20BBDCDC001E41CC /* f.txt */ = {isa = PBXFileReference; fileEncoding = 4; lastKnownFileType = text; path = f.txt; sourceTree = "<group>"; };
		0664167F20BBDCDC001E41CC /* g.txt */ = {isa = PBXFileReference; fileEncoding = 4; lastKnownFileType = text; path = g.txt; sourceTree = "<group>"; };
		0664168020BBDCDC001E41CC /* 1.txt */ = {isa = PBXFileReference; fileEncoding = 4; lastKnownFileType = text; path = 1.txt; sourceTree = "<group>"; };
		0664168120BBDCDD001E41CC /* 2.txt */ = {isa = PBXFileReference; fileEncoding = 4; lastKnownFileType = text; path = 2.txt; sourceTree = "<group>"; };
		0664168220BBDCDD001E41CC /* 3.txt */ = {isa = PBXFileReference; fileEncoding = 4; lastKnownFileType = text; path = 3.txt; sourceTree = "<group>"; };
		0664168320BBDCDD001E41CC /* 4.txt */ = {isa = PBXFileReference; fileEncoding = 4; lastKnownFileType = text; path = 4.txt; sourceTree = "<group>"; };
		0664168420BBDCDD001E41CC /* c.txt */ = {isa = PBXFileReference; fileEncoding = 4; lastKnownFileType = text; path = c.txt; sourceTree = "<group>"; };
		0664168520BBDCDD001E41CC /* 7.txt */ = {isa = PBXFileReference; fileEncoding = 4; lastKnownFileType = text; path = 7.txt; sourceTree = "<group>"; };
		0664168620BBDCDD001E41CC /* d.txt */ = {isa = PBXFileReference; fileEncoding = 4; lastKnownFileType = text; path = d.txt; sourceTree = "<group>"; };
		0664168720BBDCDD001E41CC /* 6.txt */ = {isa = PBXFileReference; fileEncoding = 4; lastKnownFileType = text; path = 6.txt; sourceTree = "<group>"; };
		0664168B20BBFE83001E41CC /* MemorySystem.cpp */ = {isa = PBXFileReference; fileEncoding = 4; lastKnownFileType = sourcecode.cpp.cpp; path = MemorySystem.cpp; sourceTree = "<group>"; };
		0664168C20BBFE83001E41CC /* MemorySystem.hpp */ = {isa = PBXFileReference; fileEncoding = 4; lastKnownFileType = sourcecode.cpp.h; path = MemorySystem.hpp; sourceTree = "<group>"; };
		066AAA7220B7E75C00EF6671 /* OS_study */ = {isa = PBXFileReference; explicitFileType = "compiled.mach-o.executable"; includeInIndex = 0; path = OS_study; sourceTree = BUILT_PRODUCTS_DIR; };
		066AAA7520B7E75C00EF6671 /* main.cpp */ = {isa = PBXFileReference; lastKnownFileType = sourcecode.cpp.cpp; path = main.cpp; sourceTree = "<group>"; };
/* End PBXFileReference section */

/* Begin PBXFrameworksBuildPhase section */
		066AAA6F20B7E75C00EF6671 /* Frameworks */ = {
			isa = PBXFrameworksBuildPhase;
			buildActionMask = 2147483647;
			files = (
			);
			runOnlyForDeploymentPostprocessing = 0;
		};
/* End PBXFrameworksBuildPhase section */

/* Begin PBXGroup section */
		066AAA6920B7E75C00EF6671 = {
			isa = PBXGroup;
			children = (
				066AAA7420B7E75C00EF6671 /* OS_study */,
				066AAA7320B7E75C00EF6671 /* Products */,
			);
			sourceTree = "<group>";
		};
		066AAA7320B7E75C00EF6671 /* Products */ = {
			isa = PBXGroup;
			children = (
				066AAA7220B7E75C00EF6671 /* OS_study */,
			);
			name = Products;
			sourceTree = "<group>";
		};
		066AAA7420B7E75C00EF6671 /* OS_study */ = {
			isa = PBXGroup;
			children = (
				0664168B20BBFE83001E41CC /* MemorySystem.cpp */,
				0664168C20BBFE83001E41CC /* MemorySystem.hpp */,
				0664167B20BBDCDC001E41CC /* 0.txt */,
				0664168020BBDCDC001E41CC /* 1.txt */,
				0664168120BBDCDD001E41CC /* 2.txt */,
				0664168220BBDCDD001E41CC /* 3.txt */,
				0664168320BBDCDD001E41CC /* 4.txt */,
				0664167920BBDCDC001E41CC /* 5.txt */,
				0664168720BBDCDD001E41CC /* 6.txt */,
				0664168520BBDCDD001E41CC /* 7.txt */,
				0664167A20BBDCDC001E41CC /* a.txt */,
				0664167C20BBDCDC001E41CC /* b.txt */,
				0664168420BBDCDD001E41CC /* c.txt */,
				0664168620BBDCDD001E41CC /* d.txt */,
				0664167D20BBDCDC001E41CC /* e.txt */,
				0664167E20BBDCDC001E41CC /* f.txt */,
				0664167F20BBDCDC001E41CC /* g.txt */,
				066AAA7520B7E75C00EF6671 /* main.cpp */,
				0664167620BBCF14001E41CC /* Process.cpp */,
				0664167720BBCF14001E41CC /* Process.hpp */,
			);
			path = OS_study;
			sourceTree = "<group>";
		};
/* End PBXGroup section */

/* Begin PBXNativeTarget section */
		066AAA7120B7E75C00EF6671 /* OS_study */ = {
			isa = PBXNativeTarget;
			buildConfigurationList = 066AAA7920B7E75C00EF6671 /* Build configuration list for PBXNativeTarget "OS_study" */;
			buildPhases = (
				066AAA6E20B7E75C00EF6671 /* Sources */,
				066AAA6F20B7E75C00EF6671 /* Frameworks */,
				066AAA7020B7E75C00EF6671 /* CopyFiles */,
			);
			buildRules = (
			);
			dependencies = (
			);
			name = OS_study;
			productName = OS_study;
			productReference = 066AAA7220B7E75C00EF6671 /* OS_study */;
			productType = "com.apple.product-type.tool";
		};
/* End PBXNativeTarget section */

/* Begin PBXProject section */
		066AAA6A20B7E75C00EF6671 /* Project object */ = {
			isa = PBXProject;
			attributes = {
				LastUpgradeCheck = 0930;
				ORGANIZATIONNAME = ddudini;
				TargetAttributes = {
					066AAA7120B7E75C00EF6671 = {
						CreatedOnToolsVersion = 9.3.1;
					};
				};
			};
			buildConfigurationList = 066AAA6D20B7E75C00EF6671 /* Build configuration list for PBXProject "OS_study" */;
			compatibilityVersion = "Xcode 9.3";
			developmentRegion = en;
			hasScannedForEncodings = 0;
			knownRegions = (
				en,
			);
			mainGroup = 066AAA6920B7E75C00EF6671;
			productRefGroup = 066AAA7320B7E75C00EF6671 /* Products */;
			projectDirPath = "";
			projectRoot = "";
			targets = (
				066AAA7120B7E75C00EF6671 /* OS_study */,
			);
		};
/* End PBXProject section */

/* Begin PBXSourcesBuildPhase section */
		066AAA6E20B7E75C00EF6671 /* Sources */ = {
			isa = PBXSourcesBuildPhase;
			buildActionMask = 2147483647;
			files = (
				066AAA7620B7E75C00EF6671 /* main.cpp in Sources */,
				0664167820BBCF14001E41CC /* Process.cpp in Sources */,
				0664168D20BBFE83001E41CC /* MemorySystem.cpp in Sources */,
			);
			runOnlyForDeploymentPostprocessing = 0;
		};
/* End PBXSourcesBuildPhase section */

/* Begin XCBuildConfiguration section */
		066AAA7720B7E75C00EF6671 /* Debug */ = {
			isa = XCBuildConfiguration;
			buildSettings = {
				ALWAYS_SEARCH_USER_PATHS = NO;
				CLANG_ANALYZER_NONNULL = YES;
				CLANG_ANALYZER_NUMBER_OBJECT_CONVERSION = YES_AGGRESSIVE;
				CLANG_CXX_LANGUAGE_STANDARD = "gnu++14";
				CLANG_CXX_LIBRARY = "libc++";
				CLANG_ENABLE_MODULES = YES;
				CLANG_ENABLE_OBJC_ARC = YES;
				CLANG_ENABLE_OBJC_WEAK = YES;
				CLANG_WARN_BLOCK_CAPTURE_AUTORELEASING = YES;
				CLANG_WARN_BOOL_CONVERSION = YES;
				CLANG_WARN_COMMA = YES;
				CLANG_WARN_CONSTANT_CONVERSION = YES;
				CLANG_WARN_DEPRECATED_OBJC_IMPLEMENTATIONS = YES;
				CLANG_WARN_DIRECT_OBJC_ISA_USAGE = YES_ERROR;
				CLANG_WARN_DOCUMENTATION_COMMENTS = YES;
				CLANG_WARN_EMPTY_BODY = YES;
				CLANG_WARN_ENUM_CONVERSION = YES;
				CLANG_WARN_INFINITE_RECURSION = YES;
				CLANG_WARN_INT_CONVERSION = YES;
				CLANG_WARN_NON_LITERAL_NULL_CONVERSION = YES;
				CLANG_WARN_OBJC_IMPLICIT_RETAIN_SELF = YES;
				CLANG_WARN_OBJC_LITERAL_CONVERSION = YES;
				CLANG_WARN_OBJC_ROOT_CLASS = YES_ERROR;
				CLANG_WARN_RANGE_LOOP_ANALYSIS = YES;
				CLANG_WARN_STRICT_PROTOTYPES = YES;
				CLANG_WARN_SUSPICIOUS_MOVE = YES;
				CLANG_WARN_UNGUARDED_AVAILABILITY = YES_AGGRESSIVE;
				CLANG_WARN_UNREACHABLE_CODE = YES;
				CLANG_WARN__DUPLICATE_METHOD_MATCH = YES;
				CODE_SIGN_IDENTITY = "-";
				COPY_PHASE_STRIP = NO;
				DEBUG_INFORMATION_FORMAT = dwarf;
				ENABLE_STRICT_OBJC_MSGSEND = YES;
				ENABLE_TESTABILITY = YES;
				GCC_C_LANGUAGE_STANDARD = gnu11;
				GCC_DYNAMIC_NO_PIC = NO;
				GCC_NO_COMMON_BLOCKS = YES;
				GCC_OPTIMIZATION_LEVEL = 0;
				GCC_PREPROCESSOR_DEFINITIONS = (
					"DEBUG=1",
					"$(inherited)",
				);
				GCC_WARN_64_TO_32_BIT_CONVERSION = YES;
				GCC_WARN_ABOUT_RETURN_TYPE = YES_ERROR;
				GCC_WARN_UNDECLARED_SELECTOR = YES;
				GCC_WARN_UNINITIALIZED_AUTOS = YES_AGGRESSIVE;
				GCC_WARN_UNUSED_FUNCTION = YES;
				GCC_WARN_UNUSED_VARIABLE = YES;
				MACOSX_DEPLOYMENT_TARGET = 10.13;
				MTL_ENABLE_DEBUG_INFO = YES;
				ONLY_ACTIVE_ARCH = YES;
				SDKROOT = macosx;
			};
			name = Debug;
		};
		066AAA7820B7E75C00EF6671 /* Release */ = {
			isa = XCBuildConfiguration;
			buildSettings = {
				ALWAYS_SEARCH_USER_PATHS = NO;
				CLANG_ANALYZER_NONNULL = YES;
				CLANG_ANALYZER_NUMBER_OBJECT_CONVERSION = YES_AGGRESSIVE;
				CLANG_CXX_LANGUAGE_STANDARD = "gnu++14";
				CLANG_CXX_LIBRARY = "libc++";
				CLANG_ENABLE_MODULES = YES;
				CLANG_ENABLE_OBJC_ARC = YES;
				CLANG_ENABLE_OBJC_WEAK = YES;
				CLANG_WARN_BLOCK_CAPTURE_AUTORELEASING = YES;
				CLANG_WARN_BOOL_CONVERSION = YES;
				CLANG_WARN_COMMA = YES;
				CLANG_WARN_CONSTANT_CONVERSION = YES;
				CLANG_WARN_DEPRECATED_OBJC_IMPLEMENTATIONS = YES;
				CLANG_WARN_DIRECT_OBJC_ISA_USAGE = YES_ERROR;
				CLANG_WARN_DOCUMENTATION_COMMENTS = YES;
				CLANG_WARN_EMPTY_BODY = YES;
				CLANG_WARN_ENUM_CONVERSION = YES;
				CLANG_WARN_INFINITE_RECURSION = YES;
				CLANG_WARN_INT_CONVERSION = YES;
				CLANG_WARN_NON_LITERAL_NULL_CONVERSION = YES;
				CLANG_WARN_OBJC_IMPLICIT_RETAIN_SELF = YES;
				CLANG_WARN_OBJC_LITERAL_CONVERSION = YES;
				CLANG_WARN_OBJC_ROOT_CLASS = YES_ERROR;
				CLANG_WARN_RANGE_LOOP_ANALYSIS = YES;
				CLANG_WARN_STRICT_PROTOTYPES = YES;
				CLANG_WARN_SUSPICIOUS_MOVE = YES;
				CLANG_WARN_UNGUARDED_AVAILABILITY = YES_AGGRESSIVE;
				CLANG_WARN_UNREACHABLE_CODE = YES;
				CLANG_WARN__DUPLICATE_METHOD_MATCH = YES;
				CODE_SIGN_IDENTITY = "-";
				COPY_PHASE_STRIP = NO;
				DEBUG_INFORMATION_FORMAT = "dwarf-with-dsym";
				ENABLE_NS_ASSERTIONS = NO;
				ENABLE_STRICT_OBJC_MSGSEND = YES;
				GCC_C_LANGUAGE_STANDARD = gnu11;
				GCC_NO_COMMON_BLOCKS = YES;
				GCC_WARN_64_TO_32_BIT_CONVERSION = YES;
				GCC_WARN_ABOUT_RETURN_TYPE = YES_ERROR;
				GCC_WARN_UNDECLARED_SELECTOR = YES;
				GCC_WARN_UNINITIALIZED_AUTOS = YES_AGGRESSIVE;
				GCC_WARN_UNUSED_FUNCTION = YES;
				GCC_WARN_UNUSED_VARIABLE = YES;
				MACOSX_DEPLOYMENT_TARGET = 10.13;
				MTL_ENABLE_DEBUG_INFO = NO;
				SDKROOT = macosx;
			};
			name = Release;
		};
		066AAA7A20B7E75C00EF6671 /* Debug */ = {
			isa = XCBuildConfiguration;
			buildSettings = {
				CODE_SIGN_STYLE = Automatic;
				PRODUCT_NAME = "$(TARGET_NAME)";
			};
			name = Debug;
		};
		066AAA7B20B7E75C00EF6671 /* Release */ = {
			isa = XCBuildConfiguration;
			buildSettings = {
				CODE_SIGN_STYLE = Automatic;
				PRODUCT_NAME = "$(TARGET_NAME)";
			};
			name = Release;
		};
/* End XCBuildConfiguration section */

/* Begin XCConfigurationList section */
		066AAA6D20B7E75C00EF6671 /* Build configuration list for PBXProject "OS_study" */ = {
			isa = XCConfigurationList;
			buildConfigurations = (
				066AAA7720B7E75C00EF6671 /* Debug */,
				066AAA7820B7E75C00EF6671 /* Release */,
			);
			defaultConfigurationIsVisible = 0;
			defaultConfigurationName = Release;
		};
		066AAA7920B7E75C00EF6671 /* Build configuration list for PBXNativeTarget "OS_study" */ = {
			isa = XCConfigurationList;
			buildConfigurations = (
				066AAA7A20B7E75C00EF6671 /* Debug */,
				066AAA7B20B7E75C00EF6671 /* Release */,
			);
			defaultConfigurationIsVisible = 0;
			defaultConfigurationName = Release;
		};
/* End XCConfigurationList section */
	};
	rootObject = 066AAA6A20B7E75C00EF6671 /* Project object */;
}
